
Microsoft Visual Studio Solution File, Format Version 12.00
# Visual Studio Version 17
VisualStudioVersion = 17.9.34728.123
MinimumVisualStudioVersion = 10.0.40219.1
Project("{FAE04EC0-301F-11D3-BF4B-00C04F79EFBC}") = "MVCLAB", "MVCLAB\MVCLAB.csproj", "{9ECD57DE-DF2F-4A7A-9A86-CDC9238FE8D9}"
EndProject
Global
	GlobalSection(SolutionConfigurationPlatforms) = preSolution
		Debug|Any CPU = Debug|Any CPU
		Release|Any CPU = Release|Any CPU
	EndGlobalSection
	GlobalSection(ProjectConfigurationPlatforms) = postSolution
		{9ECD57DE-DF2F-4A7A-9A86-CDC9238FE8D9}.Debug|Any CPU.ActiveCfg = Debug|Any CPU
		{9ECD57DE-DF2F-4A7A-9A86-CDC9238FE8D9}.Debug|Any CPU.Build.0 = Debug|Any CPU
		{9ECD57DE-DF2F-4A7A-9A86-CDC9238FE8D9}.Release|Any CPU.ActiveCfg = Release|Any CPU
		{9ECD57DE-DF2F-4A7A-9A86-CDC9238FE8D9}.Release|Any CPU.Build.0 = Release|Any CPU
	EndGlobalSection
	GlobalSection(SolutionProperties) = preSolution
		HideSolutionNode = FALSE
	EndGlobalSection
	GlobalSection(ExtensibilityGlobals) = postSolution
		SolutionGuid = {AF24B613-4DF1-4907-9BC3-E4C7728F42F9}
	EndGlobalSection
EndGlobal
